
Microsoft Visual Studio Solution File, Format Version 12.00
# Visual Studio Version 16
VisualStudioVersion = 16.0.29403.142
MinimumVisualStudioVersion = 10.0.40219.1
Project("{FAE04EC0-301F-11D3-BF4B-00C04F79EFBC}") = "TheTree", "TheTree\TheTree.csproj", "{68BB757C-4830-458E-9DA3-89E86357172B}"
EndProject
Global
	GlobalSection(SolutionConfigurationPlatforms) = preSolution
		Debug|Any CPU = Debug|Any CPU
		Release|Any CPU = Release|Any CPU
	EndGlobalSection
	GlobalSection(ProjectConfigurationPlatforms) = postSolution
		{68BB757C-4830-458E-9DA3-89E86357172B}.Debug|Any CPU.ActiveCfg = Debug|Any CPU
		{68BB757C-4830-458E-9DA3-89E86357172B}.Debug|Any CPU.Build.0 = Debug|Any CPU
		{68BB757C-4830-458E-9DA3-89E86357172B}.Release|Any CPU.ActiveCfg = Release|Any CPU
		{68BB757C-4830-458E-9DA3-89E86357172B}.Release|Any CPU.Build.0 = Release|Any CPU
	EndGlobalSection
	GlobalSection(SolutionProperties) = preSolution
		HideSolutionNode = FALSE
	EndGlobalSection
	GlobalSection(ExtensibilityGlobals) = postSolution
		SolutionGuid = {747DC37D-E4ED-468B-B17D-050F6F141D70}
	EndGlobalSection
EndGlobal
